
Microsoft Visual Studio Solution File, Format Version 12.00
Project("{FAE04EC0-301F-11D3-BF4B-00C04F79EFBC}") = "overlay-sidecar", "src-overlay-sidecar\overlay-sidecar.csproj", "{659368EE-58C9-4858-B35B-82B5F0CF6AFA}"
EndProject
Global
	GlobalSection(SolutionConfigurationPlatforms) = preSolution
		Debug|Any CPU = Debug|Any CPU
		Release|Any CPU = Release|Any CPU
	EndGlobalSection
	GlobalSection(ProjectConfigurationPlatforms) = postSolution
		{659368EE-58C9-4858-B35B-82B5F0CF6AFA}.Debug|Any CPU.ActiveCfg = Debug|Any CPU
		{659368EE-58C9-4858-B35B-82B5F0CF6AFA}.Debug|Any CPU.Build.0 = Debug|Any CPU
		{659368EE-58C9-4858-B35B-82B5F0CF6AFA}.Release|Any CPU.ActiveCfg = Release|Any CPU
		{659368EE-58C9-4858-B35B-82B5F0CF6AFA}.Release|Any CPU.Build.0 = Release|Any CPU
	EndGlobalSection
EndGlobal
