
Microsoft Visual Studio Solution File, Format Version 12.00
# Visual Studio Version 17
VisualStudioVersion = 17.5.002.0
MinimumVisualStudioVersion = 10.0.40219.1
Project("{9A19103F-16F7-4668-BE54-9A1E7A4F7556}") = "oyasumivr-overlay-sidecar", "oyasumivr-overlay-sidecar.csproj", "{240CFAD1-7680-4BA7-8F6B-A1D23ABBBB91}"
EndProject
Global
	GlobalSection(SolutionConfigurationPlatforms) = preSolution
		Debug|Any CPU = Debug|Any CPU
		Release|Any CPU = Release|Any CPU
	EndGlobalSection
	GlobalSection(ProjectConfigurationPlatforms) = postSolution
		{240CFAD1-7680-4BA7-8F6B-A1D23ABBBB91}.Debug|Any CPU.ActiveCfg = Debug|Any CPU
		{240CFAD1-7680-4BA7-8F6B-A1D23ABBBB91}.Debug|Any CPU.Build.0 = Debug|Any CPU
		{240CFAD1-7680-4BA7-8F6B-A1D23ABBBB91}.Release|Any CPU.ActiveCfg = Release|Any CPU
		{240CFAD1-7680-4BA7-8F6B-A1D23ABBBB91}.Release|Any CPU.Build.0 = Release|Any CPU
	EndGlobalSection
	GlobalSection(SolutionProperties) = preSolution
		HideSolutionNode = FALSE
	EndGlobalSection
	GlobalSection(ExtensibilityGlobals) = postSolution
		SolutionGuid = {C577E4CD-0E1C-477D-9396-41D59EBF9B86}
	EndGlobalSection
EndGlobal
